
Microsoft Visual Studio Solution File, Format Version 12.00
# Visual Studio Version 16
VisualStudioVersion = 16.0.31424.327
MinimumVisualStudioVersion = 10.0.40219.1
Project("{FAE04EC0-301F-11D3-BF4B-00C04F79EFBC}") = "minigame", "minigame\minigame.csproj", "{806A0BA0-0995-4BB8-9103-50DE1A03690D}"
EndProject
Global
	GlobalSection(SolutionConfigurationPlatforms) = preSolution
		Debug|Any CPU = Debug|Any CPU
		Release|Any CPU = Release|Any CPU
	EndGlobalSection
	GlobalSection(ProjectConfigurationPlatforms) = postSolution
		{806A0BA0-0995-4BB8-9103-50DE1A03690D}.Debug|Any CPU.ActiveCfg = Debug|Any CPU
		{806A0BA0-0995-4BB8-9103-50DE1A03690D}.Debug|Any CPU.Build.0 = Debug|Any CPU
		{806A0BA0-0995-4BB8-9103-50DE1A03690D}.Release|Any CPU.ActiveCfg = Release|Any CPU
		{806A0BA0-0995-4BB8-9103-50DE1A03690D}.Release|Any CPU.Build.0 = Release|Any CPU
	EndGlobalSection
	GlobalSection(SolutionProperties) = preSolution
		HideSolutionNode = FALSE
	EndGlobalSection
	GlobalSection(ExtensibilityGlobals) = postSolution
		SolutionGuid = {D0548CD6-080E-4B47-BEEA-4B0D9437E07D}
	EndGlobalSection
EndGlobal
